
Microsoft Visual Studio Solution File, Format Version 12.00
# Visual Studio Version 17
VisualStudioVersion = 17.7.34024.191
MinimumVisualStudioVersion = 10.0.40219.1
Project("{8BC9CEB8-8B4A-11D0-8D11-00A0C91BC942}") = "Jothly", "_build\Jothly.vcxproj", "{4B5A306E-B739-AF09-C051-3AE02CB0156B}"
	ProjectSection(ProjectDependencies) = postProject
		{0A75DDF1-08E5-4F70-B6C5-96B2D893572E} = {0A75DDF1-08E5-4F70-B6C5-96B2D893572E}
		{7D6866D4-6423-402D-9087-4586D6496B84} = {7D6866D4-6423-402D-9087-4586D6496B84}
	EndProjectSection
EndProject
Project("{8BC9CEB8-8B4A-11D0-8D11-00A0C91BC942}") = "raylib-cpp", "raylib-cpp\raylib-cpp.vcxproj", "{7D6866D4-6423-402D-9087-4586D6496B84}"
EndProject
Project("{8BC9CEB8-8B4A-11D0-8D11-00A0C91BC942}") = "socklib", "socklib\socklib.vcxproj", "{0A75DDF1-08E5-4F70-B6C5-96B2D893572E}"
EndProject
Global
	GlobalSection(SolutionConfigurationPlatforms) = preSolution
		Debug|ARM64 = Debug|ARM64
		Debug|Win32 = Debug|Win32
		Debug|x64 = Debug|x64
		Release|ARM64 = Release|ARM64
		Release|Win32 = Release|Win32
		Release|x64 = Release|x64
	EndGlobalSection
	GlobalSection(ProjectConfigurationPlatforms) = postSolution
		{4B5A306E-B739-AF09-C051-3AE02CB0156B}.Debug|ARM64.ActiveCfg = Debug|ARM64
		{4B5A306E-B739-AF09-C051-3AE02CB0156B}.Debug|ARM64.Build.0 = Debug|ARM64
		{4B5A306E-B739-AF09-C051-3AE02CB0156B}.Debug|Win32.ActiveCfg = Debug|Win32
		{4B5A306E-B739-AF09-C051-3AE02CB0156B}.Debug|Win32.Build.0 = Debug|Win32
		{4B5A306E-B739-AF09-C051-3AE02CB0156B}.Debug|x64.ActiveCfg = Debug|x64
		{4B5A306E-B739-AF09-C051-3AE02CB0156B}.Debug|x64.Build.0 = Debug|x64
		{4B5A306E-B739-AF09-C051-3AE02CB0156B}.Release|ARM64.ActiveCfg = Release|ARM64
		{4B5A306E-B739-AF09-C051-3AE02CB0156B}.Release|ARM64.Build.0 = Release|ARM64
		{4B5A306E-B739-AF09-C051-3AE02CB0156B}.Release|Win32.ActiveCfg = Release|Win32
		{4B5A306E-B739-AF09-C051-3AE02CB0156B}.Release|Win32.Build.0 = Release|Win32
		{4B5A306E-B739-AF09-C051-3AE02CB0156B}.Release|x64.ActiveCfg = Release|x64
		{4B5A306E-B739-AF09-C051-3AE02CB0156B}.Release|x64.Build.0 = Release|x64
		{7D6866D4-6423-402D-9087-4586D6496B84}.Debug|ARM64.ActiveCfg = Debug|x64
		{7D6866D4-6423-402D-9087-4586D6496B84}.Debug|ARM64.Build.0 = Debug|x64
		{7D6866D4-6423-402D-9087-4586D6496B84}.Debug|Win32.ActiveCfg = Debug|Win32
		{7D6866D4-6423-402D-9087-4586D6496B84}.Debug|Win32.Build.0 = Debug|Win32
		{7D6866D4-6423-402D-9087-4586D6496B84}.Debug|x64.ActiveCfg = Debug|x64
		{7D6866D4-6423-402D-9087-4586D6496B84}.Debug|x64.Build.0 = Debug|x64
		{7D6866D4-6423-402D-9087-4586D6496B84}.Release|ARM64.ActiveCfg = Release|x64
		{7D6866D4-6423-402D-9087-4586D6496B84}.Release|ARM64.Build.0 = Release|x64
		{7D6866D4-6423-402D-9087-4586D6496B84}.Release|Win32.ActiveCfg = Release|Win32
		{7D6866D4-6423-402D-9087-4586D6496B84}.Release|Win32.Build.0 = Release|Win32
		{7D6866D4-6423-402D-9087-4586D6496B84}.Release|x64.ActiveCfg = Release|x64
		{7D6866D4-6423-402D-9087-4586D6496B84}.Release|x64.Build.0 = Release|x64
		{0A75DDF1-08E5-4F70-B6C5-96B2D893572E}.Debug|ARM64.ActiveCfg = Debug|x64
		{0A75DDF1-08E5-4F70-B6C5-96B2D893572E}.Debug|ARM64.Build.0 = Debug|x64
		{0A75DDF1-08E5-4F70-B6C5-96B2D893572E}.Debug|Win32.ActiveCfg = Debug|Win32
		{0A75DDF1-08E5-4F70-B6C5-96B2D893572E}.Debug|Win32.Build.0 = Debug|Win32
		{0A75DDF1-08E5-4F70-B6C5-96B2D893572E}.Debug|x64.ActiveCfg = Debug|x64
		{0A75DDF1-08E5-4F70-B6C5-96B2D893572E}.Debug|x64.Build.0 = Debug|x64
		{0A75DDF1-08E5-4F70-B6C5-96B2D893572E}.Release|ARM64.ActiveCfg = Release|x64
		{0A75DDF1-08E5-4F70-B6C5-96B2D893572E}.Release|ARM64.Build.0 = Release|x64
		{0A75DDF1-08E5-4F70-B6C5-96B2D893572E}.Release|Win32.ActiveCfg = Release|Win32
		{0A75DDF1-08E5-4F70-B6C5-96B2D893572E}.Release|Win32.Build.0 = Release|Win32
		{0A75DDF1-08E5-4F70-B6C5-96B2D893572E}.Release|x64.ActiveCfg = Release|x64
		{0A75DDF1-08E5-4F70-B6C5-96B2D893572E}.Release|x64.Build.0 = Release|x64
	EndGlobalSection
	GlobalSection(SolutionProperties) = preSolution
		HideSolutionNode = FALSE
	EndGlobalSection
	GlobalSection(ExtensibilityGlobals) = postSolution
		SolutionGuid = {35A57E42-1151-4B7B-BF59-EB90F7DB3AB5}
	EndGlobalSection
EndGlobal
