
Microsoft Visual Studio Solution File, Format Version 12.00
# Visual Studio Version 17
Project("{2150E333-8FDC-42A3-9474-1A3956D46DE8}") = "CMakePredefinedTargets", "CMakePredefinedTargets", "{8E0E9ACB-2790-3BBF-A6B0-C73444633F45}"
EndProject
Project("{2150E333-8FDC-42A3-9474-1A3956D46DE8}") = "GLFW3", "GLFW3", "{36F991F5-72C1-3B04-87CD-AE3DF570A10B}"
EndProject
Project("{8BC9CEB8-8B4A-11D0-8D11-00A0C91BC942}") = "ALL_BUILD", "ALL_BUILD.vcxproj", "{F4E4E375-1AC7-3E62-A653-3A64BA8AFD1A}"
	ProjectSection(ProjectDependencies) = postProject
		{3585E6A6-BE5F-34DF-8D7E-B8AEE0748673} = {3585E6A6-BE5F-34DF-8D7E-B8AEE0748673}
		{91910766-07D0-3EA3-BDF4-C1958CF0A120} = {91910766-07D0-3EA3-BDF4-C1958CF0A120}
		{FFA34430-870F-336B-95B1-C7370A8B06C6} = {FFA34430-870F-336B-95B1-C7370A8B06C6}
		{7BBBE530-C147-3723-A83C-FC08435A5F14} = {7BBBE530-C147-3723-A83C-FC08435A5F14}
		{B32F184E-147F-3BC0-AD93-9A4FB7932725} = {B32F184E-147F-3BC0-AD93-9A4FB7932725}
	EndProjectSection
EndProject
Project("{8BC9CEB8-8B4A-11D0-8D11-00A0C91BC942}") = "INSTALL", "INSTALL.vcxproj", "{8F493E3F-3AA4-3D51-9220-A07AF2C3609F}"
	ProjectSection(ProjectDependencies) = postProject
		{F4E4E375-1AC7-3E62-A653-3A64BA8AFD1A} = {F4E4E375-1AC7-3E62-A653-3A64BA8AFD1A}
		{91910766-07D0-3EA3-BDF4-C1958CF0A120} = {91910766-07D0-3EA3-BDF4-C1958CF0A120}
	EndProjectSection
EndProject
Project("{8BC9CEB8-8B4A-11D0-8D11-00A0C91BC942}") = "PACKAGE", "PACKAGE.vcxproj", "{D5695051-F756-32D6-BA27-783338AD97AD}"
	ProjectSection(ProjectDependencies) = postProject
		{F4E4E375-1AC7-3E62-A653-3A64BA8AFD1A} = {F4E4E375-1AC7-3E62-A653-3A64BA8AFD1A}
		{91910766-07D0-3EA3-BDF4-C1958CF0A120} = {91910766-07D0-3EA3-BDF4-C1958CF0A120}
	EndProjectSection
EndProject
Project("{8BC9CEB8-8B4A-11D0-8D11-00A0C91BC942}") = "TestRunJothly", "TestRunJothly.vcxproj", "{3585E6A6-BE5F-34DF-8D7E-B8AEE0748673}"
	ProjectSection(ProjectDependencies) = postProject
		{91910766-07D0-3EA3-BDF4-C1958CF0A120} = {91910766-07D0-3EA3-BDF4-C1958CF0A120}
		{7BBBE530-C147-3723-A83C-FC08435A5F14} = {7BBBE530-C147-3723-A83C-FC08435A5F14}
	EndProjectSection
EndProject
Project("{8BC9CEB8-8B4A-11D0-8D11-00A0C91BC942}") = "ZERO_CHECK", "ZERO_CHECK.vcxproj", "{91910766-07D0-3EA3-BDF4-C1958CF0A120}"
	ProjectSection(ProjectDependencies) = postProject
	EndProjectSection
EndProject
Project("{8BC9CEB8-8B4A-11D0-8D11-00A0C91BC942}") = "glfw", "raylib-master\raylib\external\glfw\src\glfw.vcxproj", "{FFA34430-870F-336B-95B1-C7370A8B06C6}"
	ProjectSection(ProjectDependencies) = postProject
		{91910766-07D0-3EA3-BDF4-C1958CF0A120} = {91910766-07D0-3EA3-BDF4-C1958CF0A120}
	EndProjectSection
EndProject
Project("{8BC9CEB8-8B4A-11D0-8D11-00A0C91BC942}") = "ray", "ray.vcxproj", "{7BBBE530-C147-3723-A83C-FC08435A5F14}"
	ProjectSection(ProjectDependencies) = postProject
		{91910766-07D0-3EA3-BDF4-C1958CF0A120} = {91910766-07D0-3EA3-BDF4-C1958CF0A120}
	EndProjectSection
EndProject
Project("{8BC9CEB8-8B4A-11D0-8D11-00A0C91BC942}") = "raylib", "raylib-master\raylib\raylib.vcxproj", "{B32F184E-147F-3BC0-AD93-9A4FB7932725}"
	ProjectSection(ProjectDependencies) = postProject
		{91910766-07D0-3EA3-BDF4-C1958CF0A120} = {91910766-07D0-3EA3-BDF4-C1958CF0A120}
		{FFA34430-870F-336B-95B1-C7370A8B06C6} = {FFA34430-870F-336B-95B1-C7370A8B06C6}
	EndProjectSection
EndProject
Project("{8BC9CEB8-8B4A-11D0-8D11-00A0C91BC942}") = "uninstall", "raylib-master\uninstall.vcxproj", "{680A7FEE-DD5E-3601-ADED-543A503385C9}"
	ProjectSection(ProjectDependencies) = postProject
		{91910766-07D0-3EA3-BDF4-C1958CF0A120} = {91910766-07D0-3EA3-BDF4-C1958CF0A120}
	EndProjectSection
EndProject
Project("{8BC9CEB8-8B4A-11D0-8D11-00A0C91BC942}") = "update_mappings", "raylib-master\raylib\external\glfw\src\update_mappings.vcxproj", "{1CE52FED-84F5-3B08-B3FB-BAF936E5C4A3}"
	ProjectSection(ProjectDependencies) = postProject
		{91910766-07D0-3EA3-BDF4-C1958CF0A120} = {91910766-07D0-3EA3-BDF4-C1958CF0A120}
	EndProjectSection
EndProject
Global
	GlobalSection(SolutionConfigurationPlatforms) = preSolution
		Debug|x64 = Debug|x64
		Release|x64 = Release|x64
		MinSizeRel|x64 = MinSizeRel|x64
		RelWithDebInfo|x64 = RelWithDebInfo|x64
	EndGlobalSection
	GlobalSection(ProjectConfigurationPlatforms) = postSolution
		{F4E4E375-1AC7-3E62-A653-3A64BA8AFD1A}.Debug|x64.ActiveCfg = Debug|x64
		{F4E4E375-1AC7-3E62-A653-3A64BA8AFD1A}.Debug|x64.Build.0 = Debug|x64
		{F4E4E375-1AC7-3E62-A653-3A64BA8AFD1A}.Release|x64.ActiveCfg = Release|x64
		{F4E4E375-1AC7-3E62-A653-3A64BA8AFD1A}.Release|x64.Build.0 = Release|x64
		{F4E4E375-1AC7-3E62-A653-3A64BA8AFD1A}.MinSizeRel|x64.ActiveCfg = MinSizeRel|x64
		{F4E4E375-1AC7-3E62-A653-3A64BA8AFD1A}.MinSizeRel|x64.Build.0 = MinSizeRel|x64
		{F4E4E375-1AC7-3E62-A653-3A64BA8AFD1A}.RelWithDebInfo|x64.ActiveCfg = RelWithDebInfo|x64
		{F4E4E375-1AC7-3E62-A653-3A64BA8AFD1A}.RelWithDebInfo|x64.Build.0 = RelWithDebInfo|x64
		{8F493E3F-3AA4-3D51-9220-A07AF2C3609F}.Debug|x64.ActiveCfg = Debug|x64
		{8F493E3F-3AA4-3D51-9220-A07AF2C3609F}.Release|x64.ActiveCfg = Release|x64
		{8F493E3F-3AA4-3D51-9220-A07AF2C3609F}.MinSizeRel|x64.ActiveCfg = MinSizeRel|x64
		{8F493E3F-3AA4-3D51-9220-A07AF2C3609F}.RelWithDebInfo|x64.ActiveCfg = RelWithDebInfo|x64
		{D5695051-F756-32D6-BA27-783338AD97AD}.Debug|x64.ActiveCfg = Debug|x64
		{D5695051-F756-32D6-BA27-783338AD97AD}.Release|x64.ActiveCfg = Release|x64
		{D5695051-F756-32D6-BA27-783338AD97AD}.MinSizeRel|x64.ActiveCfg = MinSizeRel|x64
		{D5695051-F756-32D6-BA27-783338AD97AD}.RelWithDebInfo|x64.ActiveCfg = RelWithDebInfo|x64
		{3585E6A6-BE5F-34DF-8D7E-B8AEE0748673}.Debug|x64.ActiveCfg = Debug|x64
		{3585E6A6-BE5F-34DF-8D7E-B8AEE0748673}.Debug|x64.Build.0 = Debug|x64
		{3585E6A6-BE5F-34DF-8D7E-B8AEE0748673}.Release|x64.ActiveCfg = Release|x64
		{3585E6A6-BE5F-34DF-8D7E-B8AEE0748673}.Release|x64.Build.0 = Release|x64
		{3585E6A6-BE5F-34DF-8D7E-B8AEE0748673}.MinSizeRel|x64.ActiveCfg = MinSizeRel|x64
		{3585E6A6-BE5F-34DF-8D7E-B8AEE0748673}.MinSizeRel|x64.Build.0 = MinSizeRel|x64
		{3585E6A6-BE5F-34DF-8D7E-B8AEE0748673}.RelWithDebInfo|x64.ActiveCfg = RelWithDebInfo|x64
		{3585E6A6-BE5F-34DF-8D7E-B8AEE0748673}.RelWithDebInfo|x64.Build.0 = RelWithDebInfo|x64
		{91910766-07D0-3EA3-BDF4-C1958CF0A120}.Debug|x64.ActiveCfg = Debug|x64
		{91910766-07D0-3EA3-BDF4-C1958CF0A120}.Debug|x64.Build.0 = Debug|x64
		{91910766-07D0-3EA3-BDF4-C1958CF0A120}.Release|x64.ActiveCfg = Release|x64
		{91910766-07D0-3EA3-BDF4-C1958CF0A120}.Release|x64.Build.0 = Release|x64
		{91910766-07D0-3EA3-BDF4-C1958CF0A120}.MinSizeRel|x64.ActiveCfg = MinSizeRel|x64
		{91910766-07D0-3EA3-BDF4-C1958CF0A120}.MinSizeRel|x64.Build.0 = MinSizeRel|x64
		{91910766-07D0-3EA3-BDF4-C1958CF0A120}.RelWithDebInfo|x64.ActiveCfg = RelWithDebInfo|x64
		{91910766-07D0-3EA3-BDF4-C1958CF0A120}.RelWithDebInfo|x64.Build.0 = RelWithDebInfo|x64
		{FFA34430-870F-336B-95B1-C7370A8B06C6}.Debug|x64.ActiveCfg = Debug|x64
		{FFA34430-870F-336B-95B1-C7370A8B06C6}.Debug|x64.Build.0 = Debug|x64
		{FFA34430-870F-336B-95B1-C7370A8B06C6}.Release|x64.ActiveCfg = Release|x64
		{FFA34430-870F-336B-95B1-C7370A8B06C6}.Release|x64.Build.0 = Release|x64
		{FFA34430-870F-336B-95B1-C7370A8B06C6}.MinSizeRel|x64.ActiveCfg = MinSizeRel|x64
		{FFA34430-870F-336B-95B1-C7370A8B06C6}.MinSizeRel|x64.Build.0 = MinSizeRel|x64
		{FFA34430-870F-336B-95B1-C7370A8B06C6}.RelWithDebInfo|x64.ActiveCfg = RelWithDebInfo|x64
		{FFA34430-870F-336B-95B1-C7370A8B06C6}.RelWithDebInfo|x64.Build.0 = RelWithDebInfo|x64
		{7BBBE530-C147-3723-A83C-FC08435A5F14}.Debug|x64.ActiveCfg = Debug|x64
		{7BBBE530-C147-3723-A83C-FC08435A5F14}.Debug|x64.Build.0 = Debug|x64
		{7BBBE530-C147-3723-A83C-FC08435A5F14}.Release|x64.ActiveCfg = Release|x64
		{7BBBE530-C147-3723-A83C-FC08435A5F14}.Release|x64.Build.0 = Release|x64
		{7BBBE530-C147-3723-A83C-FC08435A5F14}.MinSizeRel|x64.ActiveCfg = MinSizeRel|x64
		{7BBBE530-C147-3723-A83C-FC08435A5F14}.MinSizeRel|x64.Build.0 = MinSizeRel|x64
		{7BBBE530-C147-3723-A83C-FC08435A5F14}.RelWithDebInfo|x64.ActiveCfg = RelWithDebInfo|x64
		{7BBBE530-C147-3723-A83C-FC08435A5F14}.RelWithDebInfo|x64.Build.0 = RelWithDebInfo|x64
		{B32F184E-147F-3BC0-AD93-9A4FB7932725}.Debug|x64.ActiveCfg = Debug|x64
		{B32F184E-147F-3BC0-AD93-9A4FB7932725}.Debug|x64.Build.0 = Debug|x64
		{B32F184E-147F-3BC0-AD93-9A4FB7932725}.Release|x64.ActiveCfg = Release|x64
		{B32F184E-147F-3BC0-AD93-9A4FB7932725}.Release|x64.Build.0 = Release|x64
		{B32F184E-147F-3BC0-AD93-9A4FB7932725}.MinSizeRel|x64.ActiveCfg = MinSizeRel|x64
		{B32F184E-147F-3BC0-AD93-9A4FB7932725}.MinSizeRel|x64.Build.0 = MinSizeRel|x64
		{B32F184E-147F-3BC0-AD93-9A4FB7932725}.RelWithDebInfo|x64.ActiveCfg = RelWithDebInfo|x64
		{B32F184E-147F-3BC0-AD93-9A4FB7932725}.RelWithDebInfo|x64.Build.0 = RelWithDebInfo|x64
		{680A7FEE-DD5E-3601-ADED-543A503385C9}.Debug|x64.ActiveCfg = Debug|x64
		{680A7FEE-DD5E-3601-ADED-543A503385C9}.Release|x64.ActiveCfg = Release|x64
		{680A7FEE-DD5E-3601-ADED-543A503385C9}.MinSizeRel|x64.ActiveCfg = MinSizeRel|x64
		{680A7FEE-DD5E-3601-ADED-543A503385C9}.RelWithDebInfo|x64.ActiveCfg = RelWithDebInfo|x64
		{1CE52FED-84F5-3B08-B3FB-BAF936E5C4A3}.Debug|x64.ActiveCfg = Debug|x64
		{1CE52FED-84F5-3B08-B3FB-BAF936E5C4A3}.Release|x64.ActiveCfg = Release|x64
		{1CE52FED-84F5-3B08-B3FB-BAF936E5C4A3}.MinSizeRel|x64.ActiveCfg = MinSizeRel|x64
		{1CE52FED-84F5-3B08-B3FB-BAF936E5C4A3}.RelWithDebInfo|x64.ActiveCfg = RelWithDebInfo|x64
	EndGlobalSection
	GlobalSection(NestedProjects) = preSolution
		{F4E4E375-1AC7-3E62-A653-3A64BA8AFD1A} = {8E0E9ACB-2790-3BBF-A6B0-C73444633F45}
		{8F493E3F-3AA4-3D51-9220-A07AF2C3609F} = {8E0E9ACB-2790-3BBF-A6B0-C73444633F45}
		{D5695051-F756-32D6-BA27-783338AD97AD} = {8E0E9ACB-2790-3BBF-A6B0-C73444633F45}
		{91910766-07D0-3EA3-BDF4-C1958CF0A120} = {8E0E9ACB-2790-3BBF-A6B0-C73444633F45}
		{FFA34430-870F-336B-95B1-C7370A8B06C6} = {36F991F5-72C1-3B04-87CD-AE3DF570A10B}
		{1CE52FED-84F5-3B08-B3FB-BAF936E5C4A3} = {36F991F5-72C1-3B04-87CD-AE3DF570A10B}
	EndGlobalSection
	GlobalSection(ExtensibilityGlobals) = postSolution
		SolutionGuid = {51BC1F65-DDD2-3E81-B287-87F88359E6ED}
	EndGlobalSection
	GlobalSection(ExtensibilityAddIns) = postSolution
	EndGlobalSection
EndGlobal
