<?xml version="1.0" encoding="utf-8"?>
<Project ToolsVersion="17.0" xmlns="http://schemas.microsoft.com/developer/msbuild/2003">
  <ItemGroup>
    <ClCompile Include="C:\CodingStuff\RaylibProjects\Jothly\_build\game.cpp">
      <Filter>Source Files</Filter>
    </ClCompile>
  </ItemGroup>
  <ItemGroup>
    <CustomBuild Include="C:\CodingStuff\RaylibProjects\Jothly\CMakeLists.txt" />
  </ItemGroup>
  <ItemGroup>
    <Filter Include="Source Files">
      <UniqueIdentifier>{6949FFF9-10F6-3753-837D-5FBE05A287B6}</UniqueIdentifier>
    </Filter>
  </ItemGroup>
</Project>
