<?xml version="1.0" encoding="utf-8"?>
<Project ToolsVersion="17.0" xmlns="http://schemas.microsoft.com/developer/msbuild/2003">
  <ItemGroup>
    <ClCompile Include="C:\CodingStuff\RaylibProjects\Jothly\raylib-master\src\rcore.c">
      <Filter>Source Files</Filter>
    </ClCompile>
    <ClCompile Include="C:\CodingStuff\RaylibProjects\Jothly\raylib-master\src\rmodels.c">
      <Filter>Source Files</Filter>
    </ClCompile>
    <ClCompile Include="C:\CodingStuff\RaylibProjects\Jothly\raylib-master\src\rshapes.c">
      <Filter>Source Files</Filter>
    </ClCompile>
    <ClCompile Include="C:\CodingStuff\RaylibProjects\Jothly\raylib-master\src\rtext.c">
      <Filter>Source Files</Filter>
    </ClCompile>
    <ClCompile Include="C:\CodingStuff\RaylibProjects\Jothly\raylib-master\src\rtextures.c">
      <Filter>Source Files</Filter>
    </ClCompile>
    <ClCompile Include="C:\CodingStuff\RaylibProjects\Jothly\raylib-master\src\utils.c">
      <Filter>Source Files</Filter>
    </ClCompile>
    <ClCompile Include="C:\CodingStuff\RaylibProjects\Jothly\raylib-master\src\raudio.c">
      <Filter>Source Files</Filter>
    </ClCompile>
  </ItemGroup>
  <ItemGroup>
    <ClInclude Include="C:\CodingStuff\RaylibProjects\Jothly\raylib-master\src\raylib.h">
      <Filter>Header Files</Filter>
    </ClInclude>
    <ClInclude Include="C:\CodingStuff\RaylibProjects\Jothly\raylib-master\src\rlgl.h">
      <Filter>Header Files</Filter>
    </ClInclude>
    <ClInclude Include="C:\CodingStuff\RaylibProjects\Jothly\raylib-master\src\raymath.h">
      <Filter>Header Files</Filter>
    </ClInclude>
  </ItemGroup>
  <ItemGroup>
    <CustomBuild Include="C:\CodingStuff\RaylibProjects\Jothly\raylib-master\src\CMakeLists.txt" />
  </ItemGroup>
  <ItemGroup>
    <Object Include="C:\CodingStuff\RaylibProjects\Jothly\cmake-build\raylib-master\raylib\external\glfw\src\glfw.dir\$(Configuration)\context.obj">
      <Filter>Object Libraries</Filter>
    </Object>
    <Object Include="C:\CodingStuff\RaylibProjects\Jothly\cmake-build\raylib-master\raylib\external\glfw\src\glfw.dir\$(Configuration)\init.obj">
      <Filter>Object Libraries</Filter>
    </Object>
    <Object Include="C:\CodingStuff\RaylibProjects\Jothly\cmake-build\raylib-master\raylib\external\glfw\src\glfw.dir\$(Configuration)\input.obj">
      <Filter>Object Libraries</Filter>
    </Object>
    <Object Include="C:\CodingStuff\RaylibProjects\Jothly\cmake-build\raylib-master\raylib\external\glfw\src\glfw.dir\$(Configuration)\monitor.obj">
      <Filter>Object Libraries</Filter>
    </Object>
    <Object Include="C:\CodingStuff\RaylibProjects\Jothly\cmake-build\raylib-master\raylib\external\glfw\src\glfw.dir\$(Configuration)\platform.obj">
      <Filter>Object Libraries</Filter>
    </Object>
    <Object Include="C:\CodingStuff\RaylibProjects\Jothly\cmake-build\raylib-master\raylib\external\glfw\src\glfw.dir\$(Configuration)\vulkan.obj">
      <Filter>Object Libraries</Filter>
    </Object>
    <Object Include="C:\CodingStuff\RaylibProjects\Jothly\cmake-build\raylib-master\raylib\external\glfw\src\glfw.dir\$(Configuration)\window.obj">
      <Filter>Object Libraries</Filter>
    </Object>
    <Object Include="C:\CodingStuff\RaylibProjects\Jothly\cmake-build\raylib-master\raylib\external\glfw\src\glfw.dir\$(Configuration)\egl_context.obj">
      <Filter>Object Libraries</Filter>
    </Object>
    <Object Include="C:\CodingStuff\RaylibProjects\Jothly\cmake-build\raylib-master\raylib\external\glfw\src\glfw.dir\$(Configuration)\osmesa_context.obj">
      <Filter>Object Libraries</Filter>
    </Object>
    <Object Include="C:\CodingStuff\RaylibProjects\Jothly\cmake-build\raylib-master\raylib\external\glfw\src\glfw.dir\$(Configuration)\null_init.obj">
      <Filter>Object Libraries</Filter>
    </Object>
    <Object Include="C:\CodingStuff\RaylibProjects\Jothly\cmake-build\raylib-master\raylib\external\glfw\src\glfw.dir\$(Configuration)\null_monitor.obj">
      <Filter>Object Libraries</Filter>
    </Object>
    <Object Include="C:\CodingStuff\RaylibProjects\Jothly\cmake-build\raylib-master\raylib\external\glfw\src\glfw.dir\$(Configuration)\null_window.obj">
      <Filter>Object Libraries</Filter>
    </Object>
    <Object Include="C:\CodingStuff\RaylibProjects\Jothly\cmake-build\raylib-master\raylib\external\glfw\src\glfw.dir\$(Configuration)\null_joystick.obj">
      <Filter>Object Libraries</Filter>
    </Object>
    <Object Include="C:\CodingStuff\RaylibProjects\Jothly\cmake-build\raylib-master\raylib\external\glfw\src\glfw.dir\$(Configuration)\win32_module.obj">
      <Filter>Object Libraries</Filter>
    </Object>
    <Object Include="C:\CodingStuff\RaylibProjects\Jothly\cmake-build\raylib-master\raylib\external\glfw\src\glfw.dir\$(Configuration)\win32_time.obj">
      <Filter>Object Libraries</Filter>
    </Object>
    <Object Include="C:\CodingStuff\RaylibProjects\Jothly\cmake-build\raylib-master\raylib\external\glfw\src\glfw.dir\$(Configuration)\win32_thread.obj">
      <Filter>Object Libraries</Filter>
    </Object>
    <Object Include="C:\CodingStuff\RaylibProjects\Jothly\cmake-build\raylib-master\raylib\external\glfw\src\glfw.dir\$(Configuration)\win32_init.obj">
      <Filter>Object Libraries</Filter>
    </Object>
    <Object Include="C:\CodingStuff\RaylibProjects\Jothly\cmake-build\raylib-master\raylib\external\glfw\src\glfw.dir\$(Configuration)\win32_joystick.obj">
      <Filter>Object Libraries</Filter>
    </Object>
    <Object Include="C:\CodingStuff\RaylibProjects\Jothly\cmake-build\raylib-master\raylib\external\glfw\src\glfw.dir\$(Configuration)\win32_monitor.obj">
      <Filter>Object Libraries</Filter>
    </Object>
    <Object Include="C:\CodingStuff\RaylibProjects\Jothly\cmake-build\raylib-master\raylib\external\glfw\src\glfw.dir\$(Configuration)\win32_window.obj">
      <Filter>Object Libraries</Filter>
    </Object>
    <Object Include="C:\CodingStuff\RaylibProjects\Jothly\cmake-build\raylib-master\raylib\external\glfw\src\glfw.dir\$(Configuration)\wgl_context.obj">
      <Filter>Object Libraries</Filter>
    </Object>
  </ItemGroup>
  <ItemGroup>
    <Filter Include="Header Files">
      <UniqueIdentifier>{F40058EA-A945-3DE2-9826-F5979D9AC21E}</UniqueIdentifier>
    </Filter>
    <Filter Include="Object Libraries">
      <UniqueIdentifier>{CE71502D-7A51-33C8-90F9-0B68D6454CA0}</UniqueIdentifier>
    </Filter>
    <Filter Include="Source Files">
      <UniqueIdentifier>{6949FFF9-10F6-3753-837D-5FBE05A287B6}</UniqueIdentifier>
    </Filter>
  </ItemGroup>
</Project>
