<?xml version="1.0" encoding="utf-8"?>
<Project ToolsVersion="4.0" xmlns="http://schemas.microsoft.com/developer/msbuild/2003">
  <ItemGroup>
    <Filter Include="Source Files">
      <UniqueIdentifier>{4FC737F1-C7A5-4376-A066-2A32D752A2FF}</UniqueIdentifier>
      <Extensions>cpp;c;cc;cxx;c++;cppm;ixx;def;odl;idl;hpj;bat;asm;asmx</Extensions>
    </Filter>
    <Filter Include="Header Files">
      <UniqueIdentifier>{93995380-89BD-4b04-88EB-625FBE52EBFB}</UniqueIdentifier>
      <Extensions>h;hh;hpp;hxx;h++;hm;inl;inc;ipp;xsd</Extensions>
    </Filter>
    <Filter Include="Resource Files">
      <UniqueIdentifier>{67DA6AB6-F800-4c08-8B7A-83BB121AAD01}</UniqueIdentifier>
      <Extensions>rc;ico;cur;bmp;dlg;rc2;rct;bin;rgs;gif;jpg;jpeg;jpe;resx;tiff;tif;png;wav;mfcribbon-ms</Extensions>
    </Filter>
  </ItemGroup>
  <ItemGroup>
    <ClCompile Include="raylib-cpp-5.0.0\examples\audio\audio_music_stream.cpp">
      <Filter>Source Files</Filter>
    </ClCompile>
    <ClCompile Include="raylib-cpp-5.0.0\examples\audio\audio_sound_loading.cpp">
      <Filter>Source Files</Filter>
    </ClCompile>
    <ClCompile Include="raylib-cpp-5.0.0\examples\core\core_basic_window.cpp">
      <Filter>Source Files</Filter>
    </ClCompile>
    <ClCompile Include="raylib-cpp-5.0.0\examples\core\core_basic_window_web.cpp">
      <Filter>Source Files</Filter>
    </ClCompile>
    <ClCompile Include="raylib-cpp-5.0.0\examples\core\core_drop_files.cpp">
      <Filter>Source Files</Filter>
    </ClCompile>
    <ClCompile Include="raylib-cpp-5.0.0\examples\core\core_input_mouse.cpp">
      <Filter>Source Files</Filter>
    </ClCompile>
    <ClCompile Include="raylib-cpp-5.0.0\examples\core\core_loading_thread.cpp">
      <Filter>Source Files</Filter>
    </ClCompile>
    <ClCompile Include="raylib-cpp-5.0.0\examples\core\core_random_values.cpp">
      <Filter>Source Files</Filter>
    </ClCompile>
    <ClCompile Include="raylib-cpp-5.0.0\examples\core\core_window_letterbox.cpp">
      <Filter>Source Files</Filter>
    </ClCompile>
    <ClCompile Include="raylib-cpp-5.0.0\examples\core\core_world_screen.cpp">
      <Filter>Source Files</Filter>
    </ClCompile>
    <ClCompile Include="raylib-cpp-5.0.0\examples\models\models_billboard.cpp">
      <Filter>Source Files</Filter>
    </ClCompile>
    <ClCompile Include="raylib-cpp-5.0.0\examples\models\models_first_person_maze.cpp">
      <Filter>Source Files</Filter>
    </ClCompile>
    <ClCompile Include="raylib-cpp-5.0.0\examples\multiple\main.cpp">
      <Filter>Source Files</Filter>
    </ClCompile>
    <ClCompile Include="raylib-cpp-5.0.0\examples\multiple\Player.cpp">
      <Filter>Source Files</Filter>
    </ClCompile>
    <ClCompile Include="raylib-cpp-5.0.0\examples\shaders\shaders_texture_waves.cpp">
      <Filter>Source Files</Filter>
    </ClCompile>
    <ClCompile Include="raylib-cpp-5.0.0\examples\shapes\shapes_collision_area.cpp">
      <Filter>Source Files</Filter>
    </ClCompile>
    <ClCompile Include="raylib-cpp-5.0.0\examples\shapes\shapes_logo_raylib.cpp">
      <Filter>Source Files</Filter>
    </ClCompile>
    <ClCompile Include="raylib-cpp-5.0.0\examples\text\text_font_filters.cpp">
      <Filter>Source Files</Filter>
    </ClCompile>
    <ClCompile Include="raylib-cpp-5.0.0\examples\text\text_font_loading.cpp">
      <Filter>Source Files</Filter>
    </ClCompile>
    <ClCompile Include="raylib-cpp-5.0.0\examples\text\text_font_spritefont.cpp">
      <Filter>Source Files</Filter>
    </ClCompile>
    <ClCompile Include="raylib-cpp-5.0.0\examples\text\text_raylib_fonts.cpp">
      <Filter>Source Files</Filter>
    </ClCompile>
    <ClCompile Include="raylib-cpp-5.0.0\examples\textures\textures_bunnymark.cpp">
      <Filter>Source Files</Filter>
    </ClCompile>
    <ClCompile Include="raylib-cpp-5.0.0\examples\textures\textures_image_drawing.cpp">
      <Filter>Source Files</Filter>
    </ClCompile>
    <ClCompile Include="raylib-cpp-5.0.0\examples\textures\textures_image_loading.cpp">
      <Filter>Source Files</Filter>
    </ClCompile>
    <ClCompile Include="raylib-cpp-5.0.0\projects\CMake\main.cpp">
      <Filter>Source Files</Filter>
    </ClCompile>
    <ClCompile Include="raylib-cpp-5.0.0\projects\VSCode\FirstPerson.cpp">
      <Filter>Source Files</Filter>
    </ClCompile>
    <ClCompile Include="raylib-cpp-5.0.0\tests\raylib_cpp_test.cpp">
      <Filter>Source Files</Filter>
    </ClCompile>
  </ItemGroup>
  <ItemGroup>
    <None Include="raylib-cpp-5.0.0\examples\core\resources\core_basic_window_web.html" />
  </ItemGroup>
  <ItemGroup>
    <ClInclude Include="raylib-cpp-5.0.0\examples\multiple\Player.hpp">
      <Filter>Header Files</Filter>
    </ClInclude>
    <ClInclude Include="raylib-cpp-5.0.0\include\AudioDevice.hpp">
      <Filter>Header Files</Filter>
    </ClInclude>
    <ClInclude Include="raylib-cpp-5.0.0\include\AudioStream.hpp">
      <Filter>Header Files</Filter>
    </ClInclude>
    <ClInclude Include="raylib-cpp-5.0.0\include\BoundingBox.hpp">
      <Filter>Header Files</Filter>
    </ClInclude>
    <ClInclude Include="raylib-cpp-5.0.0\include\Camera2D.hpp">
      <Filter>Header Files</Filter>
    </ClInclude>
    <ClInclude Include="raylib-cpp-5.0.0\include\Camera3D.hpp">
      <Filter>Header Files</Filter>
    </ClInclude>
    <ClInclude Include="raylib-cpp-5.0.0\include\Color.hpp">
      <Filter>Header Files</Filter>
    </ClInclude>
    <ClInclude Include="raylib-cpp-5.0.0\include\Font.hpp">
      <Filter>Header Files</Filter>
    </ClInclude>
    <ClInclude Include="raylib-cpp-5.0.0\include\Functions.hpp">
      <Filter>Header Files</Filter>
    </ClInclude>
    <ClInclude Include="raylib-cpp-5.0.0\include\Gamepad.hpp">
      <Filter>Header Files</Filter>
    </ClInclude>
    <ClInclude Include="raylib-cpp-5.0.0\include\Image.hpp">
      <Filter>Header Files</Filter>
    </ClInclude>
    <ClInclude Include="raylib-cpp-5.0.0\include\Material.hpp">
      <Filter>Header Files</Filter>
    </ClInclude>
    <ClInclude Include="raylib-cpp-5.0.0\include\Matrix.hpp">
      <Filter>Header Files</Filter>
    </ClInclude>
    <ClInclude Include="raylib-cpp-5.0.0\include\Mesh.hpp">
      <Filter>Header Files</Filter>
    </ClInclude>
    <ClInclude Include="raylib-cpp-5.0.0\include\Model.hpp">
      <Filter>Header Files</Filter>
    </ClInclude>
    <ClInclude Include="raylib-cpp-5.0.0\include\ModelAnimation.hpp">
      <Filter>Header Files</Filter>
    </ClInclude>
    <ClInclude Include="raylib-cpp-5.0.0\include\Mouse.hpp">
      <Filter>Header Files</Filter>
    </ClInclude>
    <ClInclude Include="raylib-cpp-5.0.0\include\Music.hpp">
      <Filter>Header Files</Filter>
    </ClInclude>
    <ClInclude Include="raylib-cpp-5.0.0\include\Ray.hpp">
      <Filter>Header Files</Filter>
    </ClInclude>
    <ClInclude Include="raylib-cpp-5.0.0\include\RayCollision.hpp">
      <Filter>Header Files</Filter>
    </ClInclude>
    <ClInclude Include="raylib-cpp-5.0.0\include\raylib.hpp">
      <Filter>Header Files</Filter>
    </ClInclude>
    <ClInclude Include="raylib-cpp-5.0.0\include\raylib-cpp.hpp">
      <Filter>Header Files</Filter>
    </ClInclude>
    <ClInclude Include="raylib-cpp-5.0.0\include\raylib-cpp-utils.hpp">
      <Filter>Header Files</Filter>
    </ClInclude>
    <ClInclude Include="raylib-cpp-5.0.0\include\RaylibException.hpp">
      <Filter>Header Files</Filter>
    </ClInclude>
    <ClInclude Include="raylib-cpp-5.0.0\include\raymath.hpp">
      <Filter>Header Files</Filter>
    </ClInclude>
    <ClInclude Include="raylib-cpp-5.0.0\include\Rectangle.hpp">
      <Filter>Header Files</Filter>
    </ClInclude>
    <ClInclude Include="raylib-cpp-5.0.0\include\RenderTexture.hpp">
      <Filter>Header Files</Filter>
    </ClInclude>
    <ClInclude Include="raylib-cpp-5.0.0\include\Shader.hpp">
      <Filter>Header Files</Filter>
    </ClInclude>
    <ClInclude Include="raylib-cpp-5.0.0\include\Sound.hpp">
      <Filter>Header Files</Filter>
    </ClInclude>
    <ClInclude Include="raylib-cpp-5.0.0\include\Text.hpp">
      <Filter>Header Files</Filter>
    </ClInclude>
    <ClInclude Include="raylib-cpp-5.0.0\include\Texture.hpp">
      <Filter>Header Files</Filter>
    </ClInclude>
    <ClInclude Include="raylib-cpp-5.0.0\include\TextureUnmanaged.hpp">
      <Filter>Header Files</Filter>
    </ClInclude>
    <ClInclude Include="raylib-cpp-5.0.0\include\Touch.hpp">
      <Filter>Header Files</Filter>
    </ClInclude>
    <ClInclude Include="raylib-cpp-5.0.0\include\Vector2.hpp">
      <Filter>Header Files</Filter>
    </ClInclude>
    <ClInclude Include="raylib-cpp-5.0.0\include\Vector3.hpp">
      <Filter>Header Files</Filter>
    </ClInclude>
    <ClInclude Include="raylib-cpp-5.0.0\include\Vector4.hpp">
      <Filter>Header Files</Filter>
    </ClInclude>
    <ClInclude Include="raylib-cpp-5.0.0\include\VrStereoConfig.hpp">
      <Filter>Header Files</Filter>
    </ClInclude>
    <ClInclude Include="raylib-cpp-5.0.0\include\Wave.hpp">
      <Filter>Header Files</Filter>
    </ClInclude>
    <ClInclude Include="raylib-cpp-5.0.0\include\Window.hpp">
      <Filter>Header Files</Filter>
    </ClInclude>
    <ClInclude Include="raylib-cpp-5.0.0\tests\raylib-assert.h">
      <Filter>Header Files</Filter>
    </ClInclude>
  </ItemGroup>
</Project>