<?xml version="1.0" encoding="utf-8"?>
<Project ToolsVersion="4.0" xmlns="http://schemas.microsoft.com/developer/msbuild/2003">
  <ItemGroup>
    <Filter Include="Header Files">
      <UniqueIdentifier>{21EB8090-0D4E-1035-B6D3-48EBA215DCB7}</UniqueIdentifier>
    </Filter>
    <Filter Include="Source Files">
      <UniqueIdentifier>{E9C7FDCE-D52A-8D73-7EB0-C5296AF258F6}</UniqueIdentifier>
    </Filter>
    <Filter Include="Enums">
      <UniqueIdentifier>{b103c779-2940-4a90-ac72-5f6c98e2a1f3}</UniqueIdentifier>
    </Filter>
    <Filter Include="Header Files\Components">
      <UniqueIdentifier>{b6194329-edec-45ac-9a80-33785a48d44f}</UniqueIdentifier>
    </Filter>
    <Filter Include="Source Files\Components">
      <UniqueIdentifier>{6eacddf2-da49-4156-a785-b23ae9b309e3}</UniqueIdentifier>
    </Filter>
    <Filter Include="Global">
      <UniqueIdentifier>{4644dca2-9a4a-4d10-8c4a-6bbf0bd4bae8}</UniqueIdentifier>
    </Filter>
    <Filter Include="Header Files\Structures">
      <UniqueIdentifier>{7d0e0376-47db-4edc-b0e2-bddacd3bb0af}</UniqueIdentifier>
    </Filter>
    <Filter Include="Source Files\Structures">
      <UniqueIdentifier>{772f4532-7819-4f5f-ab0c-c1294478c66f}</UniqueIdentifier>
    </Filter>
    <Filter Include="Header Files\Testing">
      <UniqueIdentifier>{a1a94c43-9e2a-449c-a2ee-04c10cd795bc}</UniqueIdentifier>
    </Filter>
    <Filter Include="Source Files\Testing">
      <UniqueIdentifier>{e9e14fd7-a47c-4b4f-84a7-1549b0262c77}</UniqueIdentifier>
    </Filter>
    <Filter Include="Header Files\WaveFunctionCollapse">
      <UniqueIdentifier>{ec21bd84-c629-4957-969e-4497c054c04d}</UniqueIdentifier>
    </Filter>
    <Filter Include="Source Files\WaveFunctionCollapse">
      <UniqueIdentifier>{3b7542c6-6730-4afd-a7e2-2ab514d3e72d}</UniqueIdentifier>
    </Filter>
    <Filter Include="Header Files\Navmesh">
      <UniqueIdentifier>{07d2e419-b6d8-4a3c-b633-1541ea67e3b5}</UniqueIdentifier>
    </Filter>
    <Filter Include="Source Files\NavMesh">
      <UniqueIdentifier>{28754085-2516-4c8d-a602-ebe1163d62b0}</UniqueIdentifier>
    </Filter>
    <Filter Include="Header Files\TicTacToe">
      <UniqueIdentifier>{e66862c7-d12f-405f-9769-133d651fad82}</UniqueIdentifier>
    </Filter>
    <Filter Include="Source Files\TicTacToe">
      <UniqueIdentifier>{769847d8-13e9-43e5-8298-25e17bc70d6e}</UniqueIdentifier>
    </Filter>
    <Filter Include="Header Files\Input">
      <UniqueIdentifier>{4a99f1bd-933c-4c09-864d-59ee186dd0bb}</UniqueIdentifier>
    </Filter>
    <Filter Include="Source Files\Input">
      <UniqueIdentifier>{8054896d-a818-4459-83c7-64e39e5d112c}</UniqueIdentifier>
    </Filter>
    <Filter Include="_SockLib">
      <UniqueIdentifier>{7aef08c3-40dc-4d4a-a27a-02d0108d0f10}</UniqueIdentifier>
    </Filter>
    <Filter Include="Header Files\Physics">
      <UniqueIdentifier>{d0b20d93-f4fa-43c1-9b19-d7644733fd82}</UniqueIdentifier>
    </Filter>
    <Filter Include="Header Files\Snake">
      <UniqueIdentifier>{c3be3640-f6e3-4c3d-8d64-0b51a3b4d5e0}</UniqueIdentifier>
    </Filter>
    <Filter Include="Source Files\Snake">
      <UniqueIdentifier>{30ab23df-6619-4654-adb2-9b62ea2fde6e}</UniqueIdentifier>
    </Filter>
    <Filter Include="Header Files\Networking">
      <UniqueIdentifier>{e469827e-c1f9-4470-9377-19d61e4fb03a}</UniqueIdentifier>
    </Filter>
  </ItemGroup>
  <ItemGroup>
    <ClInclude Include="GameObject.h">
      <Filter>Header Files</Filter>
    </ClInclude>
    <ClInclude Include="ComponentID.hpp">
      <Filter>Enums</Filter>
    </ClInclude>
    <ClInclude Include="ShapeRenderer2D.h">
      <Filter>Header Files\Components</Filter>
    </ClInclude>
    <ClInclude Include="Constants.hpp">
      <Filter>Global</Filter>
    </ClInclude>
    <ClInclude Include="Vector2.h">
      <Filter>Header Files\Structures</Filter>
    </ClInclude>
    <ClInclude Include="Transform.h">
      <Filter>Header Files\Structures</Filter>
    </ClInclude>
    <ClInclude Include="Vector3.h">
      <Filter>Header Files\Structures</Filter>
    </ClInclude>
    <ClInclude Include="Quaternion.h">
      <Filter>Header Files\Structures</Filter>
    </ClInclude>
    <ClInclude Include="Vector4.h">
      <Filter>Header Files\Structures</Filter>
    </ClInclude>
    <ClInclude Include="TestSet.h">
      <Filter>Header Files\Testing</Filter>
    </ClInclude>
    <ClInclude Include="VectorTestSet.h">
      <Filter>Header Files\Testing</Filter>
    </ClInclude>
    <ClInclude Include="TestRunner.h">
      <Filter>Header Files\Testing</Filter>
    </ClInclude>
    <ClInclude Include="Component.h">
      <Filter>Header Files\Components</Filter>
    </ClInclude>
    <ClInclude Include="QuaternionTestSet.h">
      <Filter>Header Files\Testing</Filter>
    </ClInclude>
    <ClInclude Include="Math.h">
      <Filter>Header Files</Filter>
    </ClInclude>
    <ClInclude Include="Color.h">
      <Filter>Header Files\Structures</Filter>
    </ClInclude>
    <ClInclude Include="ColorTestSet.h">
      <Filter>Header Files\Testing</Filter>
    </ClInclude>
    <ClInclude Include="ShapeDrawing2D.h">
      <Filter>Header Files</Filter>
    </ClInclude>
    <ClInclude Include="Texture.h">
      <Filter>Header Files\Structures</Filter>
    </ClInclude>
    <ClInclude Include="SpriteRenderer.h">
      <Filter>Header Files\Components</Filter>
    </ClInclude>
    <ClInclude Include="TextureDrawing.h">
      <Filter>Header Files</Filter>
    </ClInclude>
    <ClInclude Include="WaveFunctionCollapseGrid.h">
      <Filter>Header Files\WaveFunctionCollapse</Filter>
    </ClInclude>
    <ClInclude Include="WaveFunctionCollapseTile.h">
      <Filter>Header Files\WaveFunctionCollapse</Filter>
    </ClInclude>
    <ClInclude Include="DelaunayPoint.h">
      <Filter>Header Files\Navmesh</Filter>
    </ClInclude>
    <ClInclude Include="NavMesh.h">
      <Filter>Header Files\Navmesh</Filter>
    </ClInclude>
    <ClInclude Include="DelaunayTriangleTestSet.h">
      <Filter>Header Files\Testing</Filter>
    </ClInclude>
    <ClInclude Include="NavMeshObstacle.h">
      <Filter>Header Files\Navmesh</Filter>
    </ClInclude>
    <ClInclude Include="SquareNavMeshObstacle.h">
      <Filter>Header Files\Navmesh</Filter>
    </ClInclude>
    <ClInclude Include="AStarNode.h">
      <Filter>Header Files\Navmesh</Filter>
    </ClInclude>
    <ClInclude Include="AStarGraph.h">
      <Filter>Header Files\Navmesh</Filter>
    </ClInclude>
    <ClInclude Include="NavMeshAgent.h">
      <Filter>Header Files\Navmesh</Filter>
    </ClInclude>
    <ClInclude Include="TicTacToeBoard.h">
      <Filter>Header Files\TicTacToe</Filter>
    </ClInclude>
    <ClInclude Include="TicTacToePlayer.h">
      <Filter>Header Files\TicTacToe</Filter>
    </ClInclude>
    <ClInclude Include="TicTacToeData.hpp">
      <Filter>Header Files\TicTacToe</Filter>
    </ClInclude>
    <ClInclude Include="TicTacToeHumanPlayer.h">
      <Filter>Header Files\TicTacToe</Filter>
    </ClInclude>
    <ClInclude Include="Input.h">
      <Filter>Header Files\Input</Filter>
    </ClInclude>
    <ClInclude Include="InputCodes.hpp">
      <Filter>Enums</Filter>
    </ClInclude>
    <ClInclude Include="TicTacToeMiniMaxPlayer.h">
      <Filter>Header Files\TicTacToe</Filter>
    </ClInclude>
    <ClInclude Include="constants.h">
      <Filter>_SockLib</Filter>
    </ClInclude>
    <ClInclude Include="defer.h">
      <Filter>_SockLib</Filter>
    </ClInclude>
    <ClInclude Include="pool.h">
      <Filter>_SockLib</Filter>
    </ClInclude>
    <ClInclude Include="socklib.h">
      <Filter>_SockLib</Filter>
    </ClInclude>
    <ClInclude Include="tests.h">
      <Filter>_SockLib</Filter>
    </ClInclude>
    <ClInclude Include="SnakeHead.h">
      <Filter>Header Files\Snake</Filter>
    </ClInclude>
    <ClInclude Include="SnakeBody.h">
      <Filter>Header Files\Snake</Filter>
    </ClInclude>
    <ClInclude Include="SnakeServer.h">
      <Filter>Header Files\Snake</Filter>
    </ClInclude>
    <ClInclude Include="SnakeClient.h">
      <Filter>Header Files\Snake</Filter>
    </ClInclude>
    <ClInclude Include="StringFunctions.h">
      <Filter>Header Files</Filter>
    </ClInclude>
  </ItemGroup>
  <ItemGroup>
    <ClCompile Include="game.cpp">
      <Filter>Source Files</Filter>
    </ClCompile>
    <ClCompile Include="GameObject.cpp">
      <Filter>Source Files</Filter>
    </ClCompile>
    <ClCompile Include="ShapeRenderer2D.cpp">
      <Filter>Source Files\Components</Filter>
    </ClCompile>
    <ClCompile Include="Vector2.cpp">
      <Filter>Source Files\Structures</Filter>
    </ClCompile>
    <ClCompile Include="Vector3.cpp">
      <Filter>Source Files\Structures</Filter>
    </ClCompile>
    <ClCompile Include="Vector4.cpp">
      <Filter>Source Files\Structures</Filter>
    </ClCompile>
    <ClCompile Include="Quaternion.cpp">
      <Filter>Source Files\Structures</Filter>
    </ClCompile>
    <ClCompile Include="TestSet.cpp">
      <Filter>Source Files\Testing</Filter>
    </ClCompile>
    <ClCompile Include="Component.cpp">
      <Filter>Source Files\Components</Filter>
    </ClCompile>
    <ClCompile Include="TestRunner.cpp">
      <Filter>Source Files\Testing</Filter>
    </ClCompile>
    <ClCompile Include="VectorTestSet.cpp">
      <Filter>Source Files\Testing</Filter>
    </ClCompile>
    <ClCompile Include="QuaternionTestSet.cpp">
      <Filter>Source Files\Testing</Filter>
    </ClCompile>
    <ClCompile Include="Math.cpp">
      <Filter>Source Files</Filter>
    </ClCompile>
    <ClCompile Include="Color.cpp">
      <Filter>Source Files\Structures</Filter>
    </ClCompile>
    <ClCompile Include="ColorTestSet.cpp">
      <Filter>Source Files\Testing</Filter>
    </ClCompile>
    <ClCompile Include="ShapeDrawing2D.cpp">
      <Filter>Source Files</Filter>
    </ClCompile>
    <ClCompile Include="Texture.cpp">
      <Filter>Source Files\Structures</Filter>
    </ClCompile>
    <ClCompile Include="TextureDrawing.cpp">
      <Filter>Source Files</Filter>
    </ClCompile>
    <ClCompile Include="SpriteRenderer.cpp">
      <Filter>Source Files\Components</Filter>
    </ClCompile>
    <ClCompile Include="WaveFunctionCollapseGrid.cpp">
      <Filter>Source Files\WaveFunctionCollapse</Filter>
    </ClCompile>
    <ClCompile Include="WaveFunctionCollapseTile.cpp">
      <Filter>Source Files\WaveFunctionCollapse</Filter>
    </ClCompile>
    <ClCompile Include="DelaunayTriangle.h">
      <Filter>Header Files\Navmesh</Filter>
    </ClCompile>
    <ClCompile Include="DelaunayPoint.cpp">
      <Filter>Source Files\NavMesh</Filter>
    </ClCompile>
    <ClCompile Include="DelaunayTriangle.cpp">
      <Filter>Source Files\NavMesh</Filter>
    </ClCompile>
    <ClCompile Include="NavMesh.cpp">
      <Filter>Source Files\NavMesh</Filter>
    </ClCompile>
    <ClCompile Include="DelaunayTriangleTestSet.cpp">
      <Filter>Source Files\Testing</Filter>
    </ClCompile>
    <ClCompile Include="SquareNavMeshObstacle.cpp">
      <Filter>Source Files\NavMesh</Filter>
    </ClCompile>
    <ClCompile Include="AStarNode.cpp">
      <Filter>Source Files\NavMesh</Filter>
    </ClCompile>
    <ClCompile Include="AStarGraph.cpp">
      <Filter>Source Files\NavMesh</Filter>
    </ClCompile>
    <ClCompile Include="NavMeshAgent.cpp">
      <Filter>Source Files\NavMesh</Filter>
    </ClCompile>
    <ClCompile Include="TicTacToeBoard.cpp">
      <Filter>Source Files\TicTacToe</Filter>
    </ClCompile>
    <ClCompile Include="TicTacToeHumanPlayer.cpp">
      <Filter>Source Files\TicTacToe</Filter>
    </ClCompile>
    <ClCompile Include="Input.cpp">
      <Filter>Source Files\Input</Filter>
    </ClCompile>
    <ClCompile Include="TicTacToeMiniMaxPlayer.cpp" />
    <ClCompile Include="pool.cpp">
      <Filter>_SockLib</Filter>
    </ClCompile>
    <ClCompile Include="socklib_generic.cpp">
      <Filter>_SockLib</Filter>
    </ClCompile>
    <ClCompile Include="socklib_win32.cpp">
      <Filter>_SockLib</Filter>
    </ClCompile>
    <ClCompile Include="strlcpy.cpp">
      <Filter>_SockLib</Filter>
    </ClCompile>
    <ClCompile Include="tests.cpp">
      <Filter>_SockLib</Filter>
    </ClCompile>
    <ClCompile Include="SnakeHead.cpp">
      <Filter>Source Files\Snake</Filter>
    </ClCompile>
    <ClCompile Include="SnakeBody.cpp">
      <Filter>Source Files\Snake</Filter>
    </ClCompile>
  </ItemGroup>
  <ItemGroup>
    <None Include="ClassDiagram.cd" />
  </ItemGroup>
</Project>